lockfile_version: '1'
generated_at: '2026-06-17T05:57:03.705946+00:00'
apm_version: 0.12.4
dependencies:
- repo_url: danimal141/skilltree
  host: github.com
  resolved_commit: eb34ae320a0bf9e2a7410a96ebd70faf133fed8e
  resolved_ref: v0.11.0
  virtual_path: skills/chrome-cdp
  is_virtual: true
  package_type: claude_skill
  deployed_files:
  - .agents/skills/chrome-cdp
  - .claude/skills/chrome-cdp
  content_hash: sha256:3152bf480dfc3752e831342673c600e55f76add9dcab044e890647233e4e77d0
- repo_url: danimal141/skilltree
  host: github.com
  resolved_commit: eb34ae320a0bf9e2a7410a96ebd70faf133fed8e
  resolved_ref: v0.11.0
  virtual_path: skills/codebase-analyzer
  is_virtual: true
  package_type: claude_skill
  deployed_files:
  - .agents/skills/codebase-analyzer
  - .claude/skills/codebase-analyzer
  content_hash: sha256:6e7f4bd10134fe20973d697e89e4906a275b9887cfcf18dd7ff05f49530f64cb
- repo_url: danimal141/skilltree
  host: github.com
  resolved_commit: eb34ae320a0bf9e2a7410a96ebd70faf133fed8e
  resolved_ref: v0.11.0
  virtual_path: skills/create-pr
  is_virtual: true
  package_type: claude_skill
  deployed_files:
  - .agents/skills/create-pr
  - .claude/skills/create-pr
  content_hash: sha256:eb1b7a4069a6c2aa35ac67a3ded0da87ae1a1bdab704ffd46a936fc929729619
- repo_url: danimal141/skilltree
  host: github.com
  resolved_commit: eb34ae320a0bf9e2a7410a96ebd70faf133fed8e
  resolved_ref: v0.11.0
  virtual_path: skills/dig
  is_virtual: true
  package_type: claude_skill
  deployed_files:
  - .agents/skills/dig
  - .claude/skills/dig
  content_hash: sha256:a69b9fb667a63ce650e85856464067eb9d31a21ecaa735baf08b153c7450013f
- repo_url: danimal141/skilltree
  host: github.com
  resolved_commit: eb34ae320a0bf9e2a7410a96ebd70faf133fed8e
  resolved_ref: v0.11.0
  virtual_path: skills/git-commit
  is_virtual: true
  package_type: claude_skill
  deployed_files:
  - .agents/skills/git-commit
  - .claude/skills/git-commit
  content_hash: sha256:46e2f905ff61634f3e0eca3b18451ccfedce8d223dc56e6777a72070299f171d
- repo_url: danimal141/skilltree
  host: github.com
  resolved_commit: eb34ae320a0bf9e2a7410a96ebd70faf133fed8e
  resolved_ref: v0.11.0
  virtual_path: skills/infra-codebase-analyzer
  is_virtual: true
  package_type: claude_skill
  deployed_files:
  - .agents/skills/infra-codebase-analyzer
  - .claude/skills/infra-codebase-analyzer
  content_hash: sha256:f735c657f7d4f47223c4a2dd0f105be214eb4321716584628c235c4e0f8271bb
- repo_url: danimal141/skilltree
  host: github.com
  resolved_commit: eb34ae320a0bf9e2a7410a96ebd70faf133fed8e
  resolved_ref: v0.11.0
  virtual_path: skills/japanese-tech-writing
  is_virtual: true
  package_type: claude_skill
  deployed_files:
  - .agents/skills/japanese-tech-writing
  - .claude/skills/japanese-tech-writing
  content_hash: sha256:a5cf39b6f4139a5c00d1b3db741ceb117f6e5aaac3979df00a2db256164bd8c8
