lockfile_version: '1'
generated_at: '2026-07-14T03:17:29.656481+00:00'
apm_version: 0.12.4
dependencies:
- repo_url: danimal141/skilltree
  host: github.com
  resolved_commit: 7cb9e7bbe2028b988f3c7687601ca107600c448e
  resolved_ref: v0.14.0
  virtual_path: skills/chrome-cdp
  is_virtual: true
  package_type: claude_skill
  deployed_files:
  - .agents/skills/chrome-cdp
  - .claude/skills/chrome-cdp
  content_hash: sha256:4d0beaa4df609ba1f505bb682c90820c60efb330e2d1a4df657ecb7e85387198
- repo_url: danimal141/skilltree
  host: github.com
  resolved_commit: 7cb9e7bbe2028b988f3c7687601ca107600c448e
  resolved_ref: v0.14.0
  virtual_path: skills/codebase-analyzer
  is_virtual: true
  package_type: claude_skill
  deployed_files:
  - .agents/skills/codebase-analyzer
  - .claude/skills/codebase-analyzer
  content_hash: sha256:df661288f05bd55245bd67478dc0046914285b6a78483eb6730c110c60bc0495
- repo_url: danimal141/skilltree
  host: github.com
  resolved_commit: 7cb9e7bbe2028b988f3c7687601ca107600c448e
  resolved_ref: v0.14.0
  virtual_path: skills/compact-prep
  is_virtual: true
  package_type: claude_skill
  deployed_files:
  - .agents/skills/compact-prep
  - .claude/skills/compact-prep
  content_hash: sha256:bfda271ead73f40f5cb437ed91ccb03f4fe23081b33873f3cd9a78ace8ed4d54
- repo_url: danimal141/skilltree
  host: github.com
  resolved_commit: 7cb9e7bbe2028b988f3c7687601ca107600c448e
  resolved_ref: v0.14.0
  virtual_path: skills/create-pr
  is_virtual: true
  package_type: claude_skill
  deployed_files:
  - .agents/skills/create-pr
  - .claude/skills/create-pr
  content_hash: sha256:0a0daad929706da9a50748dbd8d683f4f0370265330723ea928fe6824d2e34d3
- repo_url: danimal141/skilltree
  host: github.com
  resolved_commit: 7cb9e7bbe2028b988f3c7687601ca107600c448e
  resolved_ref: v0.14.0
  virtual_path: skills/dig
  is_virtual: true
  package_type: claude_skill
  deployed_files:
  - .agents/skills/dig
  - .claude/skills/dig
  content_hash: sha256:4d68f165b2477d7615257f3434d0957226e511aa0b4b39b6599af987a330a09f
- repo_url: danimal141/skilltree
  host: github.com
  resolved_commit: 7cb9e7bbe2028b988f3c7687601ca107600c448e
  resolved_ref: v0.14.0
  virtual_path: skills/git-commit
  is_virtual: true
  package_type: claude_skill
  deployed_files:
  - .agents/skills/git-commit
  - .claude/skills/git-commit
  content_hash: sha256:46e2f905ff61634f3e0eca3b18451ccfedce8d223dc56e6777a72070299f171d
- repo_url: danimal141/skilltree
  host: github.com
  resolved_commit: 7cb9e7bbe2028b988f3c7687601ca107600c448e
  resolved_ref: v0.14.0
  virtual_path: skills/infra-codebase-analyzer
  is_virtual: true
  package_type: claude_skill
  deployed_files:
  - .agents/skills/infra-codebase-analyzer
  - .claude/skills/infra-codebase-analyzer
  content_hash: sha256:0e04135254bd8b35f2d8ed3c095199862581c735a92e6296b0926c525a80c6be
- repo_url: danimal141/skilltree
  host: github.com
  resolved_commit: 7cb9e7bbe2028b988f3c7687601ca107600c448e
  resolved_ref: v0.14.0
  virtual_path: skills/japanese-tech-writing
  is_virtual: true
  package_type: claude_skill
  deployed_files:
  - .agents/skills/japanese-tech-writing
  - .claude/skills/japanese-tech-writing
  content_hash: sha256:91a977aab27e7a2471617b0d04ddf10a6369b25c125fc86efb5d68a1c8f1ced0
